
Microsoft Visual Studio Solution File, Format Version 12.00
# Visual Studio Version 17
VisualStudioVersion = 17.0.31903.59
MinimumVisualStudioVersion = 10.0.40219.1
Project("{FAE04EC0-301F-11D3-BF4B-00C04F79EFBC}") = "IngestLogs", "IngestLogs\IngestLogs.csproj", "{85156D79-2A32-494F-BA2C-9FCC4F8FFEED}"
EndProject
Project("{FAE04EC0-301F-11D3-BF4B-00C04F79EFBC}") = "Firewall", "Firewall\Firewall.csproj", "{49A12263-14CD-4DE2-8250-6CE1293A3645}"
EndProject
Project("{FAE04EC0-301F-11D3-BF4B-00C04F79EFBC}") = "CloudServices", "CloudServices\CloudServices.csproj", "{A0687E26-2E72-42D1-A0F0-F8A4377C068D}"
EndProject
Project("{FAE04EC0-301F-11D3-BF4B-00C04F79EFBC}") = "tests", "tests\tests.csproj", "{95385E7C-931F-434B-8044-D85B1E81B9D7}"
EndProject
Global
	GlobalSection(SolutionConfigurationPlatforms) = preSolution
		Debug|Any CPU = Debug|Any CPU
		Release|Any CPU = Release|Any CPU
	EndGlobalSection
	GlobalSection(SolutionProperties) = preSolution
		HideSolutionNode = FALSE
	EndGlobalSection
	GlobalSection(ProjectConfigurationPlatforms) = postSolution
		{85156D79-2A32-494F-BA2C-9FCC4F8FFEED}.Debug|Any CPU.ActiveCfg = Debug|Any CPU
		{85156D79-2A32-494F-BA2C-9FCC4F8FFEED}.Debug|Any CPU.Build.0 = Debug|Any CPU
		{85156D79-2A32-494F-BA2C-9FCC4F8FFEED}.Release|Any CPU.ActiveCfg = Release|Any CPU
		{85156D79-2A32-494F-BA2C-9FCC4F8FFEED}.Release|Any CPU.Build.0 = Release|Any CPU
		{49A12263-14CD-4DE2-8250-6CE1293A3645}.Debug|Any CPU.ActiveCfg = Debug|Any CPU
		{49A12263-14CD-4DE2-8250-6CE1293A3645}.Debug|Any CPU.Build.0 = Debug|Any CPU
		{49A12263-14CD-4DE2-8250-6CE1293A3645}.Release|Any CPU.ActiveCfg = Release|Any CPU
		{49A12263-14CD-4DE2-8250-6CE1293A3645}.Release|Any CPU.Build.0 = Release|Any CPU
		{A0687E26-2E72-42D1-A0F0-F8A4377C068D}.Debug|Any CPU.ActiveCfg = Debug|Any CPU
		{A0687E26-2E72-42D1-A0F0-F8A4377C068D}.Debug|Any CPU.Build.0 = Debug|Any CPU
		{A0687E26-2E72-42D1-A0F0-F8A4377C068D}.Release|Any CPU.ActiveCfg = Release|Any CPU
		{A0687E26-2E72-42D1-A0F0-F8A4377C068D}.Release|Any CPU.Build.0 = Release|Any CPU
		{95385E7C-931F-434B-8044-D85B1E81B9D7}.Debug|Any CPU.ActiveCfg = Debug|Any CPU
		{95385E7C-931F-434B-8044-D85B1E81B9D7}.Debug|Any CPU.Build.0 = Debug|Any CPU
		{95385E7C-931F-434B-8044-D85B1E81B9D7}.Release|Any CPU.ActiveCfg = Release|Any CPU
		{95385E7C-931F-434B-8044-D85B1E81B9D7}.Release|Any CPU.Build.0 = Release|Any CPU
	EndGlobalSection
EndGlobal
